// !$*UTF8*$!
{
	archiveVersion = 1;
	classes = {
	};
	objectVersion = 51;
	objects = {

/* Begin PBXBuildFile section */
		0548FB682494E75900351E54 /* BasePresenter.swift in Sources */ = {isa = PBXBuildFile; fileRef = 0548FB672494E75900351E54 /* BasePresenter.swift */; };
		0548FB6A2494E79D00351E54 /* SearchPresenter.swift in Sources */ = {isa = PBXBuildFile; fileRef = 0548FB692494E79D00351E54 /* SearchPresenter.swift */; };
		0548FB6D2494E86500351E54 /* BaseViewController.swift in Sources */ = {isa = PBXBuildFile; fileRef = 0548FB6C2494E86500351E54 /* BaseViewController.swift */; };
		0548FB6F2495085B00351E54 /* RequestService.swift in Sources */ = {isa = PBXBuildFile; fileRef = 0548FB6E2495085A00351E54 /* RequestService.swift */; };
		0548FB72249508AF00351E54 /* GithubError.swift in Sources */ = {isa = PBXBuildFile; fileRef = 0548FB71249508AF00351E54 /* GithubError.swift */; };
		0548FB782495097500351E54 /* URLRequest.swift in Sources */ = {isa = PBXBuildFile; fileRef = 0548FB772495097500351E54 /* URLRequest.swift */; };
		0548FB7A2495098C00351E54 /* HTTPURLResponse.swift in Sources */ = {isa = PBXBuildFile; fileRef = 0548FB792495098C00351E54 /* HTTPURLResponse.swift */; };
		0548FB82249515E000351E54 /* SearchRepositoryRequest.swift in Sources */ = {isa = PBXBuildFile; fileRef = 0548FB81249515E000351E54 /* SearchRepositoryRequest.swift */; };
		0548FB84249580E200351E54 /* GithubApiRequest.swift in Sources */ = {isa = PBXBuildFile; fileRef = 0548FB83249580E200351E54 /* GithubApiRequest.swift */; };
		0548FB8A2495946B00351E54 /* RepositoryDetailViewController.swift in Sources */ = {isa = PBXBuildFile; fileRef = 0548FB892495946B00351E54 /* RepositoryDetailViewController.swift */; };
		054E58B7249615DA00CC323A /* RepositoryTableViewCell.swift in Sources */ = {isa = PBXBuildFile; fileRef = 054E58B6249615DA00CC323A /* RepositoryTableViewCell.swift */; };
		054E58B924962F1500CC323A /* String.swift in Sources */ = {isa = PBXBuildFile; fileRef = 054E58B824962F1500CC323A /* String.swift */; };
		054E58BB2496E52300CC323A /* LoadingCell.swift in Sources */ = {isa = PBXBuildFile; fileRef = 054E58BA2496E52300CC323A /* LoadingCell.swift */; };
		054F8D70249ABF6900A0006B /* Constants.swift in Sources */ = {isa = PBXBuildFile; fileRef = 054F8D6F249ABF6900A0006B /* Constants.swift */; };
		054F8D74249AC0DB00A0006B /* Localizable.strings in Resources */ = {isa = PBXBuildFile; fileRef = 054F8D76249AC0DB00A0006B /* Localizable.strings */; };
		054F8D79249ACB7C00A0006B /* UIImage.swift in Sources */ = {isa = PBXBuildFile; fileRef = 054F8D78249ACB7C00A0006B /* UIImage.swift */; };
		054F8D7B249ACFD100A0006B /* CachedImageView.swift in Sources */ = {isa = PBXBuildFile; fileRef = 054F8D7A249ACFD100A0006B /* CachedImageView.swift */; };
		05516E8829E5B38000BA97B0 /* GetRoutersRequest.swift in Sources */ = {isa = PBXBuildFile; fileRef = 05516E8729E5B38000BA97B0 /* GetRoutersRequest.swift */; };
		05516E8B29E5B3F200BA97B0 /* GetRoutersResponse.swift in Sources */ = {isa = PBXBuildFile; fileRef = 05516E8A29E5B3F200BA97B0 /* GetRoutersResponse.swift */; };
		05535F6829E704200058D5CC /* MapViewController.swift in Sources */ = {isa = PBXBuildFile; fileRef = 05535F6729E704200058D5CC /* MapViewController.swift */; };
		05535FD529E72F280058D5CC /* MapPresenter.swift in Sources */ = {isa = PBXBuildFile; fileRef = 05535FD429E72F280058D5CC /* MapPresenter.swift */; };
		05B07FAA2494304100819CDB /* AppDelegate.swift in Sources */ = {isa = PBXBuildFile; fileRef = 05B07FA92494304100819CDB /* AppDelegate.swift */; };
		05B07FAC2494304100819CDB /* SceneDelegate.swift in Sources */ = {isa = PBXBuildFile; fileRef = 05B07FAB2494304100819CDB /* SceneDelegate.swift */; };
		05B07FB12494304100819CDB /* Main.storyboard in Resources */ = {isa = PBXBuildFile; fileRef = 05B07FAF2494304100819CDB /* Main.storyboard */; };
		05B07FB32494304300819CDB /* Assets.xcassets in Resources */ = {isa = PBXBuildFile; fileRef = 05B07FB22494304300819CDB /* Assets.xcassets */; };
		05B07FB62494304300819CDB /* LaunchScreen.storyboard in Resources */ = {isa = PBXBuildFile; fileRef = 05B07FB42494304300819CDB /* LaunchScreen.storyboard */; };
		05B07FC22494348B00819CDB /* Repository.swift in Sources */ = {isa = PBXBuildFile; fileRef = 05B07FC12494348B00819CDB /* Repository.swift */; };
		05B07FC92494390200819CDB /* SearchTableViewController.swift in Sources */ = {isa = PBXBuildFile; fileRef = 05B07FC82494390200819CDB /* SearchTableViewController.swift */; };
		05B07FCB24944CF600819CDB /* SearchRepositoryResponse.swift in Sources */ = {isa = PBXBuildFile; fileRef = 05B07FCA24944CF600819CDB /* SearchRepositoryResponse.swift */; };
		B602026629E844AC0054BCB8 /* MapDetailsViewController.swift in Sources */ = {isa = PBXBuildFile; fileRef = B602026529E844AC0054BCB8 /* MapDetailsViewController.swift */; };
		FB6CF6F6436F91CC4446DD20 /* Pods_GithubRepo.framework in Frameworks */ = {isa = PBXBuildFile; fileRef = 0DFDB472E1A9E93DEAEACB7C /* Pods_GithubRepo.framework */; };
/* End PBXBuildFile section */

/* Begin PBXFileReference section */
		0548FB672494E75900351E54 /* BasePresenter.swift */ = {isa = PBXFileReference; lastKnownFileType = sourcecode.swift; path = BasePresenter.swift; sourceTree = "<group>"; };
		0548FB692494E79D00351E54 /* SearchPresenter.swift */ = {isa = PBXFileReference; lastKnownFileType = sourcecode.swift; path = SearchPresenter.swift; sourceTree = "<group>"; };
		0548FB6C2494E86500351E54 /* BaseViewController.swift */ = {isa = PBXFileReference; lastKnownFileType = sourcecode.swift; path = BaseViewController.swift; sourceTree = "<group>"; };
		0548FB6E2495085A00351E54 /* RequestService.swift */ = {isa = PBXFileReference; lastKnownFileType = sourcecode.swift; path = RequestService.swift; sourceTree = "<group>"; };
		0548FB71249508AF00351E54 /* GithubError.swift */ = {isa = PBXFileReference; lastKnownFileType = sourcecode.swift; path = GithubError.swift; sourceTree = "<group>"; };
		0548FB772495097500351E54 /* URLRequest.swift */ = {isa = PBXFileReference; lastKnownFileType = sourcecode.swift; path = URLRequest.swift; sourceTree = "<group>"; };
		0548FB792495098C00351E54 /* HTTPURLResponse.swift */ = {isa = PBXFileReference; lastKnownFileType = sourcecode.swift; path = HTTPURLResponse.swift; sourceTree = "<group>"; };
		0548FB81249515E000351E54 /* SearchRepositoryRequest.swift */ = {isa = PBXFileReference; lastKnownFileType = sourcecode.swift; path = SearchRepositoryRequest.swift; sourceTree = "<group>"; };
		0548FB83249580E200351E54 /* GithubApiRequest.swift */ = {isa = PBXFileReference; lastKnownFileType = sourcecode.swift; path = GithubApiRequest.swift; sourceTree = "<group>"; };
		0548FB892495946B00351E54 /* RepositoryDetailViewController.swift */ = {isa = PBXFileReference; lastKnownFileType = sourcecode.swift; path = RepositoryDetailViewController.swift; sourceTree = "<group>"; };
		054E58B6249615DA00CC323A /* RepositoryTableViewCell.swift */ = {isa = PBXFileReference; lastKnownFileType = sourcecode.swift; path = RepositoryTableViewCell.swift; sourceTree = "<group>"; };
		054E58B824962F1500CC323A /* String.swift */ = {isa = PBXFileReference; lastKnownFileType = sourcecode.swift; path = String.swift; sourceTree = "<group>"; };
		054E58BA2496E52300CC323A /* LoadingCell.swift */ = {isa = PBXFileReference; lastKnownFileType = sourcecode.swift; path = LoadingCell.swift; sourceTree = "<group>"; };
		054F8D6F249ABF6900A0006B /* Constants.swift */ = {isa = PBXFileReference; lastKnownFileType = sourcecode.swift; path = Constants.swift; sourceTree = "<group>"; };
		054F8D75249AC0DB00A0006B /* en */ = {isa = PBXFileReference; lastKnownFileType = text.plist.strings; name = en; path = en.lproj/Localizable.strings; sourceTree = "<group>"; };
		054F8D77249AC12F00A0006B /* es */ = {isa = PBXFileReference; lastKnownFileType = text.plist.strings; name = es; path = es.lproj/Localizable.strings; sourceTree = "<group>"; };
		054F8D78249ACB7C00A0006B /* UIImage.swift */ = {isa = PBXFileReference; lastKnownFileType = sourcecode.swift; path = UIImage.swift; sourceTree = "<group>"; };
		054F8D7A249ACFD100A0006B /* CachedImageView.swift */ = {isa = PBXFileReference; lastKnownFileType = sourcecode.swift; path = CachedImageView.swift; sourceTree = "<group>"; };
		05516E8729E5B38000BA97B0 /* GetRoutersRequest.swift */ = {isa = PBXFileReference; lastKnownFileType = sourcecode.swift; path = GetRoutersRequest.swift; sourceTree = "<group>"; };
		05516E8A29E5B3F200BA97B0 /* GetRoutersResponse.swift */ = {isa = PBXFileReference; lastKnownFileType = sourcecode.swift; path = GetRoutersResponse.swift; sourceTree = "<group>"; };
		05535F6729E704200058D5CC /* MapViewController.swift */ = {isa = PBXFileReference; lastKnownFileType = sourcecode.swift; path = MapViewController.swift; sourceTree = "<group>"; };
		05535FD429E72F280058D5CC /* MapPresenter.swift */ = {isa = PBXFileReference; lastKnownFileType = sourcecode.swift; path = MapPresenter.swift; sourceTree = "<group>"; };
		05B07FA62494304100819CDB /* GithubRepo.app */ = {isa = PBXFileReference; explicitFileType = wrapper.application; includeInIndex = 0; path = GithubRepo.app; sourceTree = BUILT_PRODUCTS_DIR; };
		05B07FA92494304100819CDB /* AppDelegate.swift */ = {isa = PBXFileReference; lastKnownFileType = sourcecode.swift; path = AppDelegate.swift; sourceTree = "<group>"; };
		05B07FAB2494304100819CDB /* SceneDelegate.swift */ = {isa = PBXFileReference; lastKnownFileType = sourcecode.swift; path = SceneDelegate.swift; sourceTree = "<group>"; };
		05B07FB02494304100819CDB /* Base */ = {isa = PBXFileReference; lastKnownFileType = file.storyboard; name = Base; path = Base.lproj/Main.storyboard; sourceTree = "<group>"; };
		05B07FB22494304300819CDB /* Assets.xcassets */ = {isa = PBXFileReference; lastKnownFileType = folder.assetcatalog; path = Assets.xcassets; sourceTree = "<group>"; };
		05B07FB52494304300819CDB /* Base */ = {isa = PBXFileReference; lastKnownFileType = file.storyboard; name = Base; path = Base.lproj/LaunchScreen.storyboard; sourceTree = "<group>"; };
		05B07FB72494304300819CDB /* Info.plist */ = {isa = PBXFileReference; lastKnownFileType = text.plist.xml; path = Info.plist; sourceTree = "<group>"; };
		05B07FC12494348B00819CDB /* Repository.swift */ = {isa = PBXFileReference; lastKnownFileType = sourcecode.swift; path = Repository.swift; sourceTree = "<group>"; };
		05B07FC82494390200819CDB /* SearchTableViewController.swift */ = {isa = PBXFileReference; lastKnownFileType = sourcecode.swift; path = SearchTableViewController.swift; sourceTree = "<group>"; };
		05B07FCA24944CF600819CDB /* SearchRepositoryResponse.swift */ = {isa = PBXFileReference; lastKnownFileType = sourcecode.swift; path = SearchRepositoryResponse.swift; sourceTree = "<group>"; };
		0DFDB472E1A9E93DEAEACB7C /* Pods_GithubRepo.framework */ = {isa = PBXFileReference; explicitFileType = wrapper.framework; includeInIndex = 0; path = Pods_GithubRepo.framework; sourceTree = BUILT_PRODUCTS_DIR; };
		628CEECE0075889DCA3517D9 /* Pods-GithubRepo.release.xcconfig */ = {isa = PBXFileReference; includeInIndex = 1; lastKnownFileType = text.xcconfig; name = "Pods-GithubRepo.release.xcconfig"; path = "Target Support Files/Pods-GithubRepo/Pods-GithubRepo.release.xcconfig"; sourceTree = "<group>"; };
		B602026529E844AC0054BCB8 /* MapDetailsViewController.swift */ = {isa = PBXFileReference; lastKnownFileType = sourcecode.swift; path = MapDetailsViewController.swift; sourceTree = "<group>"; };
		DF534CE0CC836DBCAE451DC4 /* Pods-GithubRepo.debug.xcconfig */ = {isa = PBXFileReference; includeInIndex = 1; lastKnownFileType = text.xcconfig; name = "Pods-GithubRepo.debug.xcconfig"; path = "Target Support Files/Pods-GithubRepo/Pods-GithubRepo.debug.xcconfig"; sourceTree = "<group>"; };
/* End PBXFileReference section */

/* Begin PBXFrameworksBuildPhase section */
		05B07FA32494304100819CDB /* Frameworks */ = {
			isa = PBXFrameworksBuildPhase;
			buildActionMask = 2147483647;
			files = (
				FB6CF6F6436F91CC4446DD20 /* Pods_GithubRepo.framework in Frameworks */,
			);
			runOnlyForDeploymentPostprocessing = 0;
		};
/* End PBXFrameworksBuildPhase section */

/* Begin PBXGroup section */
		0548FB6B2494E7B900351E54 /* Search */ = {
			isa = PBXGroup;
			children = (
				0548FB692494E79D00351E54 /* SearchPresenter.swift */,
			);
			path = Search;
			sourceTree = "<group>";
		};
		0548FB702495089800351E54 /* Error */ = {
			isa = PBXGroup;
			children = (
				0548FB71249508AF00351E54 /* GithubError.swift */,
			);
			path = Error;
			sourceTree = "<group>";
		};
		0548FB7B24950A8100351E54 /* Response */ = {
			isa = PBXGroup;
			children = (
				05B07FCA24944CF600819CDB /* SearchRepositoryResponse.swift */,
				05B07FC12494348B00819CDB /* Repository.swift */,
				05516E8A29E5B3F200BA97B0 /* GetRoutersResponse.swift */,
			);
			path = Response;
			sourceTree = "<group>";
		};
		0548FB7C24950A8900351E54 /* Request */ = {
			isa = PBXGroup;
			children = (
				0548FB81249515E000351E54 /* SearchRepositoryRequest.swift */,
				05516E8729E5B38000BA97B0 /* GetRoutersRequest.swift */,
			);
			path = Request;
			sourceTree = "<group>";
		};
		0548FB852495880100351E54 /* Search */ = {
			isa = PBXGroup;
			children = (
				054E58B5249615A500CC323A /* Cell */,
				05B07FC82494390200819CDB /* SearchTableViewController.swift */,
			);
			path = Search;
			sourceTree = "<group>";
		};
		0548FB862495880E00351E54 /* Detail */ = {
			isa = PBXGroup;
			children = (
				0548FB892495946B00351E54 /* RepositoryDetailViewController.swift */,
				B602026529E844AC0054BCB8 /* MapDetailsViewController.swift */,
			);
			path = Detail;
			sourceTree = "<group>";
		};
		054E58B5249615A500CC323A /* Cell */ = {
			isa = PBXGroup;
			children = (
				054E58B6249615DA00CC323A /* RepositoryTableViewCell.swift */,
				054E58BA2496E52300CC323A /* LoadingCell.swift */,
			);
			path = Cell;
			sourceTree = "<group>";
		};
		054F8D6E249ABF4D00A0006B /* Config */ = {
			isa = PBXGroup;
			children = (
				054F8D6F249ABF6900A0006B /* Constants.swift */,
			);
			path = Config;
			sourceTree = "<group>";
		};
		054F8D71249AC06A00A0006B /* Localizable */ = {
			isa = PBXGroup;
			children = (
				054F8D76249AC0DB00A0006B /* Localizable.strings */,
			);
			path = Localizable;
			sourceTree = "<group>";
		};
		05535F6629E703E60058D5CC /* Map */ = {
			isa = PBXGroup;
			children = (
				05535F6729E704200058D5CC /* MapViewController.swift */,
			);
			path = Map;
			sourceTree = "<group>";
		};
		05535FD329E72F0A0058D5CC /* Map */ = {
			isa = PBXGroup;
			children = (
				05535FD429E72F280058D5CC /* MapPresenter.swift */,
			);
			path = Map;
			sourceTree = "<group>";
		};
		05B07F9D2494304100819CDB = {
			isa = PBXGroup;
			children = (
				05B07FA82494304100819CDB /* GithubRepo */,
				05B07FA72494304100819CDB /* Products */,
				A43720EE75CC78077EA49FFE /* Pods */,
				DE51CEAAA8244CD9B38268F9 /* Frameworks */,
			);
			sourceTree = "<group>";
		};
		05B07FA72494304100819CDB /* Products */ = {
			isa = PBXGroup;
			children = (
				05B07FA62494304100819CDB /* GithubRepo.app */,
			);
			name = Products;
			sourceTree = "<group>";
		};
		05B07FA82494304100819CDB /* GithubRepo */ = {
			isa = PBXGroup;
			children = (
				054F8D71249AC06A00A0006B /* Localizable */,
				054F8D6E249ABF4D00A0006B /* Config */,
				05B07FC72494380E00819CDB /* Presenter */,
				05B07FC62494380700819CDB /* View */,
				05B07FC02494347D00819CDB /* Model */,
				05B07FBF2494338800819CDB /* Service */,
				05B07FC3249436FC00819CDB /* Extension */,
				0548FB702495089800351E54 /* Error */,
				05B07FA92494304100819CDB /* AppDelegate.swift */,
				05B07FAB2494304100819CDB /* SceneDelegate.swift */,
				05B07FAF2494304100819CDB /* Main.storyboard */,
				05B07FB22494304300819CDB /* Assets.xcassets */,
				05B07FB42494304300819CDB /* LaunchScreen.storyboard */,
				05B07FB72494304300819CDB /* Info.plist */,
			);
			path = GithubRepo;
			sourceTree = "<group>";
		};
		05B07FBF2494338800819CDB /* Service */ = {
			isa = PBXGroup;
			children = (
				0548FB6E2495085A00351E54 /* RequestService.swift */,
				0548FB83249580E200351E54 /* GithubApiRequest.swift */,
			);
			path = Service;
			sourceTree = "<group>";
		};
		05B07FC02494347D00819CDB /* Model */ = {
			isa = PBXGroup;
			children = (
				0548FB7C24950A8900351E54 /* Request */,
				0548FB7B24950A8100351E54 /* Response */,
				054F8D7A249ACFD100A0006B /* CachedImageView.swift */,
			);
			path = Model;
			sourceTree = "<group>";
		};
		05B07FC3249436FC00819CDB /* Extension */ = {
			isa = PBXGroup;
			children = (
				0548FB772495097500351E54 /* URLRequest.swift */,
				0548FB792495098C00351E54 /* HTTPURLResponse.swift */,
				054E58B824962F1500CC323A /* String.swift */,
				054F8D78249ACB7C00A0006B /* UIImage.swift */,
			);
			path = Extension;
			sourceTree = "<group>";
		};
		05B07FC62494380700819CDB /* View */ = {
			isa = PBXGroup;
			children = (
				05535F6629E703E60058D5CC /* Map */,
				0548FB862495880E00351E54 /* Detail */,
				0548FB852495880100351E54 /* Search */,
				0548FB6C2494E86500351E54 /* BaseViewController.swift */,
			);
			path = View;
			sourceTree = "<group>";
		};
		05B07FC72494380E00819CDB /* Presenter */ = {
			isa = PBXGroup;
			children = (
				05535FD329E72F0A0058D5CC /* Map */,
				0548FB6B2494E7B900351E54 /* Search */,
				0548FB672494E75900351E54 /* BasePresenter.swift */,
			);
			path = Presenter;
			sourceTree = "<group>";
		};
		A43720EE75CC78077EA49FFE /* Pods */ = {
			isa = PBXGroup;
			children = (
				DF534CE0CC836DBCAE451DC4 /* Pods-GithubRepo.debug.xcconfig */,
				628CEECE0075889DCA3517D9 /* Pods-GithubRepo.release.xcconfig */,
			);
			path = Pods;
			sourceTree = "<group>";
		};
		DE51CEAAA8244CD9B38268F9 /* Frameworks */ = {
			isa = PBXGroup;
			children = (
				0DFDB472E1A9E93DEAEACB7C /* Pods_GithubRepo.framework */,
			);
			name = Frameworks;
			sourceTree = "<group>";
		};
/* End PBXGroup section */

/* Begin PBXNativeTarget section */
		05B07FA52494304100819CDB /* GithubRepo */ = {
			isa = PBXNativeTarget;
			buildConfigurationList = 05B07FBA2494304300819CDB /* Build configuration list for PBXNativeTarget "GithubRepo" */;
			buildPhases = (
				E6F2B552D8CD17AFFB1097E7 /* [CP] Check Pods Manifest.lock */,
				05B07FA22494304100819CDB /* Sources */,
				05B07FA32494304100819CDB /* Frameworks */,
				05B07FA42494304100819CDB /* Resources */,
				85D32FC57F7B8A3D1EA11C3A /* [CP] Copy Pods Resources */,
			);
			buildRules = (
			);
			dependencies = (
			);
			name = GithubRepo;
			productName = GithubRepo;
			productReference = 05B07FA62494304100819CDB /* GithubRepo.app */;
			productType = "com.apple.product-type.application";
		};
/* End PBXNativeTarget section */

/* Begin PBXProject section */
		05B07F9E2494304100819CDB /* Project object */ = {
			isa = PBXProject;
			attributes = {
				LastSwiftUpdateCheck = 1150;
				LastUpgradeCheck = 1150;
				ORGANIZATIONNAME = "Marlon Raschid Tavarez Parra";
				TargetAttributes = {
					05B07FA52494304100819CDB = {
						CreatedOnToolsVersion = 11.5;
					};
				};
			};
			buildConfigurationList = 05B07FA12494304100819CDB /* Build configuration list for PBXProject "GithubRepo" */;
			compatibilityVersion = "Xcode 9.3";
			developmentRegion = en;
			hasScannedForEncodings = 0;
			knownRegions = (
				en,
				Base,
				es,
			);
			mainGroup = 05B07F9D2494304100819CDB;
			productRefGroup = 05B07FA72494304100819CDB /* Products */;
			projectDirPath = "";
			projectRoot = "";
			targets = (
				05B07FA52494304100819CDB /* GithubRepo */,
			);
		};
/* End PBXProject section */

/* Begin PBXResourcesBuildPhase section */
		05B07FA42494304100819CDB /* Resources */ = {
			isa = PBXResourcesBuildPhase;
			buildActionMask = 2147483647;
			files = (
				05B07FB62494304300819CDB /* LaunchScreen.storyboard in Resources */,
				054F8D74249AC0DB00A0006B /* Localizable.strings in Resources */,
				05B07FB32494304300819CDB /* Assets.xcassets in Resources */,
				05B07FB12494304100819CDB /* Main.storyboard in Resources */,
			);
			runOnlyForDeploymentPostprocessing = 0;
		};
/* End PBXResourcesBuildPhase section */

/* Begin PBXShellScriptBuildPhase section */
		85D32FC57F7B8A3D1EA11C3A /* [CP] Copy Pods Resources */ = {
			isa = PBXShellScriptBuildPhase;
			buildActionMask = 2147483647;
			files = (
			);
			inputFileListPaths = (
				"${PODS_ROOT}/Target Support Files/Pods-GithubRepo/Pods-GithubRepo-resources-${CONFIGURATION}-input-files.xcfilelist",
			);
			name = "[CP] Copy Pods Resources";
			outputFileListPaths = (
				"${PODS_ROOT}/Target Support Files/Pods-GithubRepo/Pods-GithubRepo-resources-${CONFIGURATION}-output-files.xcfilelist",
			);
			runOnlyForDeploymentPostprocessing = 0;
			shellPath = /bin/sh;
			shellScript = "\"${PODS_ROOT}/Target Support Files/Pods-GithubRepo/Pods-GithubRepo-resources.sh\"\n";
			showEnvVarsInLog = 0;
		};
		E6F2B552D8CD17AFFB1097E7 /* [CP] Check Pods Manifest.lock */ = {
			isa = PBXShellScriptBuildPhase;
			buildActionMask = 2147483647;
			files = (
			);
			inputFileListPaths = (
			);
			inputPaths = (
				"${PODS_PODFILE_DIR_PATH}/Podfile.lock",
				"${PODS_ROOT}/Manifest.lock",
			);
			name = "[CP] Check Pods Manifest.lock";
			outputFileListPaths = (
			);
			outputPaths = (
				"$(DERIVED_FILE_DIR)/Pods-GithubRepo-checkManifestLockResult.txt",
			);
			runOnlyForDeploymentPostprocessing = 0;
			shellPath = /bin/sh;
			shellScript = "diff \"${PODS_PODFILE_DIR_PATH}/Podfile.lock\" \"${PODS_ROOT}/Manifest.lock\" > /dev/null\nif [ $? != 0 ] ; then\n    # print error to STDERR\n    echo \"error: The sandbox is not in sync with the Podfile.lock. Run 'pod install' or update your CocoaPods installation.\" >&2\n    exit 1\nfi\n# This output is used by Xcode 'outputs' to avoid re-running this script phase.\necho \"SUCCESS\" > \"${SCRIPT_OUTPUT_FILE_0}\"\n";
			showEnvVarsInLog = 0;
		};
/* End PBXShellScriptBuildPhase section */

/* Begin PBXSourcesBuildPhase section */
		05B07FA22494304100819CDB /* Sources */ = {
			isa = PBXSourcesBuildPhase;
			buildActionMask = 2147483647;
			files = (
				0548FB8A2495946B00351E54 /* RepositoryDetailViewController.swift in Sources */,
				05516E8B29E5B3F200BA97B0 /* GetRoutersResponse.swift in Sources */,
				054F8D7B249ACFD100A0006B /* CachedImageView.swift in Sources */,
				054F8D79249ACB7C00A0006B /* UIImage.swift in Sources */,
				054F8D70249ABF6900A0006B /* Constants.swift in Sources */,
				0548FB6F2495085B00351E54 /* RequestService.swift in Sources */,
				0548FB682494E75900351E54 /* BasePresenter.swift in Sources */,
				05535FD529E72F280058D5CC /* MapPresenter.swift in Sources */,
				05535F6829E704200058D5CC /* MapViewController.swift in Sources */,
				0548FB6D2494E86500351E54 /* BaseViewController.swift in Sources */,
				0548FB6A2494E79D00351E54 /* SearchPresenter.swift in Sources */,
				0548FB7A2495098C00351E54 /* HTTPURLResponse.swift in Sources */,
				05516E8829E5B38000BA97B0 /* GetRoutersRequest.swift in Sources */,
				0548FB782495097500351E54 /* URLRequest.swift in Sources */,
				0548FB84249580E200351E54 /* GithubApiRequest.swift in Sources */,
				05B07FAA2494304100819CDB /* AppDelegate.swift in Sources */,
				05B07FC92494390200819CDB /* SearchTableViewController.swift in Sources */,
				0548FB72249508AF00351E54 /* GithubError.swift in Sources */,
				054E58B924962F1500CC323A /* String.swift in Sources */,
				05B07FC22494348B00819CDB /* Repository.swift in Sources */,
				B602026629E844AC0054BCB8 /* MapDetailsViewController.swift in Sources */,
				05B07FAC2494304100819CDB /* SceneDelegate.swift in Sources */,
				054E58B7249615DA00CC323A /* RepositoryTableViewCell.swift in Sources */,
				05B07FCB24944CF600819CDB /* SearchRepositoryResponse.swift in Sources */,
				0548FB82249515E000351E54 /* SearchRepositoryRequest.swift in Sources */,
				054E58BB2496E52300CC323A /* LoadingCell.swift in Sources */,
			);
			runOnlyForDeploymentPostprocessing = 0;
		};
/* End PBXSourcesBuildPhase section */

/* Begin PBXVariantGroup section */
		054F8D76249AC0DB00A0006B /* Localizable.strings */ = {
			isa = PBXVariantGroup;
			children = (
				054F8D75249AC0DB00A0006B /* en */,
				054F8D77249AC12F00A0006B /* es */,
			);
			name = Localizable.strings;
			sourceTree = "<group>";
		};
		05B07FAF2494304100819CDB /* Main.storyboard */ = {
			isa = PBXVariantGroup;
			children = (
				05B07FB02494304100819CDB /* Base */,
			);
			name = Main.storyboard;
			sourceTree = "<group>";
		};
		05B07FB42494304300819CDB /* LaunchScreen.storyboard */ = {
			isa = PBXVariantGroup;
			children = (
				05B07FB52494304300819CDB /* Base */,
			);
			name = LaunchScreen.storyboard;
			sourceTree = "<group>";
		};
/* End PBXVariantGroup section */

/* Begin XCBuildConfiguration section */
		05B07FB82494304300819CDB /* Debug */ = {
			isa = XCBuildConfiguration;
			buildSettings = {
				ALWAYS_SEARCH_USER_PATHS = NO;
				CLANG_ANALYZER_LOCALIZABILITY_NONLOCALIZED = YES;
				CLANG_ANALYZER_NONNULL = YES;
				CLANG_ANALYZER_NUMBER_OBJECT_CONVERSION = YES_AGGRESSIVE;
				CLANG_CXX_LANGUAGE_STANDARD = "gnu++14";
				CLANG_CXX_LIBRARY = "libc++";
				CLANG_ENABLE_MODULES = YES;
				CLANG_ENABLE_OBJC_ARC = YES;
				CLANG_ENABLE_OBJC_WEAK = YES;
				CLANG_WARN_BLOCK_CAPTURE_AUTORELEASING = YES;
				CLANG_WARN_BOOL_CONVERSION = YES;
				CLANG_WARN_COMMA = YES;
				CLANG_WARN_CONSTANT_CONVERSION = YES;
				CLANG_WARN_DEPRECATED_OBJC_IMPLEMENTATIONS = YES;
				CLANG_WARN_DIRECT_OBJC_ISA_USAGE = YES_ERROR;
				CLANG_WARN_DOCUMENTATION_COMMENTS = YES;
				CLANG_WARN_EMPTY_BODY = YES;
				CLANG_WARN_ENUM_CONVERSION = YES;
				CLANG_WARN_INFINITE_RECURSION = YES;
				CLANG_WARN_INT_CONVERSION = YES;
				CLANG_WARN_NON_LITERAL_NULL_CONVERSION = YES;
				CLANG_WARN_OBJC_IMPLICIT_RETAIN_SELF = YES;
				CLANG_WARN_OBJC_LITERAL_CONVERSION = YES;
				CLANG_WARN_OBJC_ROOT_CLASS = YES_ERROR;
				CLANG_WARN_RANGE_LOOP_ANALYSIS = YES;
				CLANG_WARN_STRICT_PROTOTYPES = YES;
				CLANG_WARN_SUSPICIOUS_MOVE = YES;
				CLANG_WARN_UNGUARDED_AVAILABILITY = YES_AGGRESSIVE;
				CLANG_WARN_UNREACHABLE_CODE = YES;
				CLANG_WARN__DUPLICATE_METHOD_MATCH = YES;
				COPY_PHASE_STRIP = NO;
				DEBUG_INFORMATION_FORMAT = dwarf;
				ENABLE_STRICT_OBJC_MSGSEND = YES;
				ENABLE_TESTABILITY = YES;
				GCC_C_LANGUAGE_STANDARD = gnu11;
				GCC_DYNAMIC_NO_PIC = NO;
				GCC_NO_COMMON_BLOCKS = YES;
				GCC_OPTIMIZATION_LEVEL = 0;
				GCC_PREPROCESSOR_DEFINITIONS = (
					"DEBUG=1",
					"$(inherited)",
				);
				GCC_WARN_64_TO_32_BIT_CONVERSION = YES;
				GCC_WARN_ABOUT_RETURN_TYPE = YES_ERROR;
				GCC_WARN_UNDECLARED_SELECTOR = YES;
				GCC_WARN_UNINITIALIZED_AUTOS = YES_AGGRESSIVE;
				GCC_WARN_UNUSED_FUNCTION = YES;
				GCC_WARN_UNUSED_VARIABLE = YES;
				IPHONEOS_DEPLOYMENT_TARGET = 13.0;
				MTL_ENABLE_DEBUG_INFO = INCLUDE_SOURCE;
				MTL_FAST_MATH = YES;
				ONLY_ACTIVE_ARCH = YES;
				SDKROOT = iphoneos;
				SWIFT_ACTIVE_COMPILATION_CONDITIONS = DEBUG;
				SWIFT_OPTIMIZATION_LEVEL = "-Onone";
			};
			name = Debug;
		};
		05B07FB92494304300819CDB /* Release */ = {
			isa = XCBuildConfiguration;
			buildSettings = {
				ALWAYS_SEARCH_USER_PATHS = NO;
				CLANG_ANALYZER_LOCALIZABILITY_NONLOCALIZED = YES;
				CLANG_ANALYZER_NONNULL = YES;
				CLANG_ANALYZER_NUMBER_OBJECT_CONVERSION = YES_AGGRESSIVE;
				CLANG_CXX_LANGUAGE_STANDARD = "gnu++14";
				CLANG_CXX_LIBRARY = "libc++";
				CLANG_ENABLE_MODULES = YES;
				CLANG_ENABLE_OBJC_ARC = YES;
				CLANG_ENABLE_OBJC_WEAK = YES;
				CLANG_WARN_BLOCK_CAPTURE_AUTORELEASING = YES;
				CLANG_WARN_BOOL_CONVERSION = YES;
				CLANG_WARN_COMMA = YES;
				CLANG_WARN_CONSTANT_CONVERSION = YES;
				CLANG_WARN_DEPRECATED_OBJC_IMPLEMENTATIONS = YES;
				CLANG_WARN_DIRECT_OBJC_ISA_USAGE = YES_ERROR;
				CLANG_WARN_DOCUMENTATION_COMMENTS = YES;
				CLANG_WARN_EMPTY_BODY = YES;
				CLANG_WARN_ENUM_CONVERSION = YES;
				CLANG_WARN_INFINITE_RECURSION = YES;
				CLANG_WARN_INT_CONVERSION = YES;
				CLANG_WARN_NON_LITERAL_NULL_CONVERSION = YES;
				CLANG_WARN_OBJC_IMPLICIT_RETAIN_SELF = YES;
				CLANG_WARN_OBJC_LITERAL_CONVERSION = YES;
				CLANG_WARN_OBJC_ROOT_CLASS = YES_ERROR;
				CLANG_WARN_RANGE_LOOP_ANALYSIS = YES;
				CLANG_WARN_STRICT_PROTOTYPES = YES;
				CLANG_WARN_SUSPICIOUS_MOVE = YES;
				CLANG_WARN_UNGUARDED_AVAILABILITY = YES_AGGRESSIVE;
				CLANG_WARN_UNREACHABLE_CODE = YES;
				CLANG_WARN__DUPLICATE_METHOD_MATCH = YES;
				COPY_PHASE_STRIP = NO;
				DEBUG_INFORMATION_FORMAT = "dwarf-with-dsym";
				ENABLE_NS_ASSERTIONS = NO;
				ENABLE_STRICT_OBJC_MSGSEND = YES;
				GCC_C_LANGUAGE_STANDARD = gnu11;
				GCC_NO_COMMON_BLOCKS = YES;
				GCC_WARN_64_TO_32_BIT_CONVERSION = YES;
				GCC_WARN_ABOUT_RETURN_TYPE = YES_ERROR;
				GCC_WARN_UNDECLARED_SELECTOR = YES;
				GCC_WARN_UNINITIALIZED_AUTOS = YES_AGGRESSIVE;
				GCC_WARN_UNUSED_FUNCTION = YES;
				GCC_WARN_UNUSED_VARIABLE = YES;
				IPHONEOS_DEPLOYMENT_TARGET = 13.0;
				MTL_ENABLE_DEBUG_INFO = NO;
				MTL_FAST_MATH = YES;
				ONLY_ACTIVE_ARCH = YES;
				SDKROOT = iphoneos;
				SWIFT_COMPILATION_MODE = wholemodule;
				SWIFT_OPTIMIZATION_LEVEL = "-O";
				VALIDATE_PRODUCT = YES;
			};
			name = Release;
		};
		05B07FBB2494304300819CDB /* Debug */ = {
			isa = XCBuildConfiguration;
			baseConfigurationReference = DF534CE0CC836DBCAE451DC4 /* Pods-GithubRepo.debug.xcconfig */;
			buildSettings = {
				ASSETCATALOG_COMPILER_APPICON_NAME = AppIcon;
				CODE_SIGN_STYLE = Automatic;
				DEVELOPMENT_TEAM = L3LXP6A8G3;
				"EXCLUDED_ARCHS[sdk=*]" = arm64;
				INFOPLIST_FILE = GithubRepo/Info.plist;
				LD_RUNPATH_SEARCH_PATHS = (
					"$(inherited)",
					"@executable_path/Frameworks",
				);
				PRODUCT_BUNDLE_IDENTIFIER = com.marlon.GithubRepo;
				PRODUCT_NAME = "$(TARGET_NAME)";
				SWIFT_VERSION = 5.0;
				TARGETED_DEVICE_FAMILY = "1,2";
			};
			name = Debug;
		};
		05B07FBC2494304300819CDB /* Release */ = {
			isa = XCBuildConfiguration;
			baseConfigurationReference = 628CEECE0075889DCA3517D9 /* Pods-GithubRepo.release.xcconfig */;
			buildSettings = {
				ASSETCATALOG_COMPILER_APPICON_NAME = AppIcon;
				CODE_SIGN_STYLE = Automatic;
				DEVELOPMENT_TEAM = L3LXP6A8G3;
				"EXCLUDED_ARCHS[sdk=*]" = arm64;
				INFOPLIST_FILE = GithubRepo/Info.plist;
				LD_RUNPATH_SEARCH_PATHS = (
					"$(inherited)",
					"@executable_path/Frameworks",
				);
				ONLY_ACTIVE_ARCH = YES;
				PRODUCT_BUNDLE_IDENTIFIER = com.marlon.GithubRepo;
				PRODUCT_NAME = "$(TARGET_NAME)";
				SWIFT_VERSION = 5.0;
				TARGETED_DEVICE_FAMILY = "1,2";
			};
			name = Release;
		};
/* End XCBuildConfiguration section */

/* Begin XCConfigurationList section */
		05B07FA12494304100819CDB /* Build configuration list for PBXProject "GithubRepo" */ = {
			isa = XCConfigurationList;
			buildConfigurations = (
				05B07FB82494304300819CDB /* Debug */,
				05B07FB92494304300819CDB /* Release */,
			);
			defaultConfigurationIsVisible = 0;
			defaultConfigurationName = Release;
		};
		05B07FBA2494304300819CDB /* Build configuration list for PBXNativeTarget "GithubRepo" */ = {
			isa = XCConfigurationList;
			buildConfigurations = (
				05B07FBB2494304300819CDB /* Debug */,
				05B07FBC2494304300819CDB /* Release */,
			);
			defaultConfigurationIsVisible = 0;
			defaultConfigurationName = Release;
		};
/* End XCConfigurationList section */
	};
	rootObject = 05B07F9E2494304100819CDB /* Project object */;
}
